{
  "requires": true,
  "lockfileVersion": 1,
  "dependencies": {
    "rfs": {
      "version": "8.0.3",
      "resolved": "https://registry.npmjs.org/rfs/-/rfs-8.0.3.tgz",
      "integrity": "sha512-YGAusKIh6k4vj6WFRA7CpCQb+P0msFtNshwDgXIJuu+W7r14gUykY5PNah5K3mtDutHymtPzzs7OiopXU8ePBg=="
    }
  }
}
